
Microsoft Visual Studio Solution File, Format Version 12.00
# Visual Studio 14
VisualStudioVersion = 14.0.25420.1
MinimumVisualStudioVersion = 10.0.40219.1
Project("{FAE04EC0-301F-11D3-BF4B-00C04F79EFBC}") = "StringToExpression", "StringToExpression\StringToExpression.csproj", "{B1B0A26F-04E2-40E5-B25C-12764E50BEFC}"
EndProject
Project("{FAE04EC0-301F-11D3-BF4B-00C04F79EFBC}") = "StringToExpression.Test", "StringToExpression.Test\StringToExpression.Test.csproj", "{D3E70B64-E690-40BC-800F-5C463386E951}"
EndProject
Global
	GlobalSection(SolutionConfigurationPlatforms) = preSolution
		Debug|Any CPU = Debug|Any CPU
		Release|Any CPU = Release|Any CPU
	EndGlobalSection
	GlobalSection(ProjectConfigurationPlatforms) = postSolution
		{B1B0A26F-04E2-40E5-B25C-12764E50BEFC}.Debug|Any CPU.ActiveCfg = Debug|Any CPU
		{B1B0A26F-04E2-40E5-B25C-12764E50BEFC}.Debug|Any CPU.Build.0 = Debug|Any CPU
		{B1B0A26F-04E2-40E5-B25C-12764E50BEFC}.Release|Any CPU.ActiveCfg = Release|Any CPU
		{B1B0A26F-04E2-40E5-B25C-12764E50BEFC}.Release|Any CPU.Build.0 = Release|Any CPU
		{D3E70B64-E690-40BC-800F-5C463386E951}.Debug|Any CPU.ActiveCfg = Debug|Any CPU
		{D3E70B64-E690-40BC-800F-5C463386E951}.Debug|Any CPU.Build.0 = Debug|Any CPU
		{D3E70B64-E690-40BC-800F-5C463386E951}.Release|Any CPU.ActiveCfg = Release|Any CPU
		{D3E70B64-E690-40BC-800F-5C463386E951}.Release|Any CPU.Build.0 = Release|Any CPU
	EndGlobalSection
	GlobalSection(SolutionProperties) = preSolution
		HideSolutionNode = FALSE
	EndGlobalSection
EndGlobal
